
Microsoft Visual Studio Solution File, Format Version 12.00
# Visual Studio Version 17
VisualStudioVersion = 17.5.002.0
MinimumVisualStudioVersion = 10.0.40219.1
Project("{9A19103F-16F7-4668-BE54-9A1E7A4F7556}") = "Seminar1", "Seminar1.csproj", "{BC2163E3-A68A-4140-9894-9D6C0B91EEC4}"
EndProject
Global
	GlobalSection(SolutionConfigurationPlatforms) = preSolution
		Debug|Any CPU = Debug|Any CPU
		Release|Any CPU = Release|Any CPU
	EndGlobalSection
	GlobalSection(ProjectConfigurationPlatforms) = postSolution
		{BC2163E3-A68A-4140-9894-9D6C0B91EEC4}.Debug|Any CPU.ActiveCfg = Debug|Any CPU
		{BC2163E3-A68A-4140-9894-9D6C0B91EEC4}.Debug|Any CPU.Build.0 = Debug|Any CPU
		{BC2163E3-A68A-4140-9894-9D6C0B91EEC4}.Release|Any CPU.ActiveCfg = Release|Any CPU
		{BC2163E3-A68A-4140-9894-9D6C0B91EEC4}.Release|Any CPU.Build.0 = Release|Any CPU
	EndGlobalSection
	GlobalSection(SolutionProperties) = preSolution
		HideSolutionNode = FALSE
	EndGlobalSection
	GlobalSection(ExtensibilityGlobals) = postSolution
		SolutionGuid = {04E532DA-FF50-4F5A-9FC5-FBCDBD44A3E8}
	EndGlobalSection
EndGlobal
